// !$*UTF8*$!
{
	archiveVersion = 1;
	classes = {
	};
	objectVersion = 50;
	objects = {

/* Begin PBXBuildFile section */
		A2E702DD23D602BB0027BF91 /* AppDelegate.swift in Sources */ = {isa = PBXBuildFile; fileRef = A2E702DC23D602BB0027BF91 /* AppDelegate.swift */; };
		A2E702E223D602BB0027BF91 /* Main.storyboard in Resources */ = {isa = PBXBuildFile; fileRef = A2E702E023D602BB0027BF91 /* Main.storyboard */; };
		A2E702E423D602BF0027BF91 /* Assets.xcassets in Resources */ = {isa = PBXBuildFile; fileRef = A2E702E323D602BF0027BF91 /* Assets.xcassets */; };
		A2E702E723D602BF0027BF91 /* LaunchScreen.storyboard in Resources */ = {isa = PBXBuildFile; fileRef = A2E702E523D602BF0027BF91 /* LaunchScreen.storyboard */; };
		A2E7031923D60AA70027BF91 /* README.md in Resources */ = {isa = PBXBuildFile; fileRef = A2E7031823D60AA70027BF91 /* README.md */; };
		A2E7032123D60CBF0027BF91 /* TennisTests.swift in Sources */ = {isa = PBXBuildFile; fileRef = A2E7032023D60CBF0027BF91 /* TennisTests.swift */; };
		A2E7032A23D617670027BF91 /* Tennis.swift in Sources */ = {isa = PBXBuildFile; fileRef = A2E7032923D617670027BF91 /* Tennis.swift */; };
		A2E7032C23D61BE30027BF91 /* Player.swift in Sources */ = {isa = PBXBuildFile; fileRef = A2E7032B23D61BE30027BF91 /* Player.swift */; };
		A2E7032E23D61CAE0027BF91 /* PlayerTests.swift in Sources */ = {isa = PBXBuildFile; fileRef = A2E7032D23D61CAE0027BF91 /* PlayerTests.swift */; };
		A2E7033023D63D300027BF91 /* TennisRules.swift in Sources */ = {isa = PBXBuildFile; fileRef = A2E7032F23D63D300027BF91 /* TennisRules.swift */; };
		A2E7033223D6BB460027BF91 /* TennisPresenterTests.swift in Sources */ = {isa = PBXBuildFile; fileRef = A2E7033123D6BB460027BF91 /* TennisPresenterTests.swift */; };
		A2E7033523D6C6BB0027BF91 /* TennisPresenter.swift in Sources */ = {isa = PBXBuildFile; fileRef = A2E7033423D6C6BB0027BF91 /* TennisPresenter.swift */; };
/* End PBXBuildFile section */

/* Begin PBXContainerItemProxy section */
		A2E7032323D60CBF0027BF91 /* PBXContainerItemProxy */ = {
			isa = PBXContainerItemProxy;
			containerPortal = A2E702D123D602BB0027BF91 /* Project object */;
			proxyType = 1;
			remoteGlobalIDString = A2E702D823D602BB0027BF91;
			remoteInfo = Tennis;
		};
/* End PBXContainerItemProxy section */

/* Begin PBXFileReference section */
		A2E702D923D602BB0027BF91 /* Tennis.app */ = {isa = PBXFileReference; explicitFileType = wrapper.application; includeInIndex = 0; path = Tennis.app; sourceTree = BUILT_PRODUCTS_DIR; };
		A2E702DC23D602BB0027BF91 /* AppDelegate.swift */ = {isa = PBXFileReference; lastKnownFileType = sourcecode.swift; path = AppDelegate.swift; sourceTree = "<group>"; };
		A2E702E123D602BB0027BF91 /* Base */ = {isa = PBXFileReference; lastKnownFileType = file.storyboard; name = Base; path = Base.lproj/Main.storyboard; sourceTree = "<group>"; };
		A2E702E323D602BF0027BF91 /* Assets.xcassets */ = {isa = PBXFileReference; lastKnownFileType = folder.assetcatalog; path = Assets.xcassets; sourceTree = "<group>"; };
		A2E702E623D602BF0027BF91 /* Base */ = {isa = PBXFileReference; lastKnownFileType = file.storyboard; name = Base; path = Base.lproj/LaunchScreen.storyboard; sourceTree = "<group>"; };
		A2E702E823D602BF0027BF91 /* Info.plist */ = {isa = PBXFileReference; lastKnownFileType = text.plist.xml; path = Info.plist; sourceTree = "<group>"; };
		A2E7031823D60AA70027BF91 /* README.md */ = {isa = PBXFileReference; fileEncoding = 4; lastKnownFileType = net.daringfireball.markdown; path = README.md; sourceTree = "<group>"; };
		A2E7031E23D60CBF0027BF91 /* TennisTests.xctest */ = {isa = PBXFileReference; explicitFileType = wrapper.cfbundle; includeInIndex = 0; path = TennisTests.xctest; sourceTree = BUILT_PRODUCTS_DIR; };
		A2E7032023D60CBF0027BF91 /* TennisTests.swift */ = {isa = PBXFileReference; lastKnownFileType = sourcecode.swift; path = TennisTests.swift; sourceTree = "<group>"; };
		A2E7032223D60CBF0027BF91 /* Info.plist */ = {isa = PBXFileReference; lastKnownFileType = text.plist.xml; path = Info.plist; sourceTree = "<group>"; };
		A2E7032923D617670027BF91 /* Tennis.swift */ = {isa = PBXFileReference; lastKnownFileType = sourcecode.swift; path = Tennis.swift; sourceTree = "<group>"; };
		A2E7032B23D61BE30027BF91 /* Player.swift */ = {isa = PBXFileReference; lastKnownFileType = sourcecode.swift; path = Player.swift; sourceTree = "<group>"; };
		A2E7032D23D61CAE0027BF91 /* PlayerTests.swift */ = {isa = PBXFileReference; lastKnownFileType = sourcecode.swift; path = PlayerTests.swift; sourceTree = "<group>"; };
		A2E7032F23D63D300027BF91 /* TennisRules.swift */ = {isa = PBXFileReference; lastKnownFileType = sourcecode.swift; path = TennisRules.swift; sourceTree = "<group>"; };
		A2E7033123D6BB460027BF91 /* TennisPresenterTests.swift */ = {isa = PBXFileReference; lastKnownFileType = sourcecode.swift; path = TennisPresenterTests.swift; sourceTree = "<group>"; };
		A2E7033423D6C6BB0027BF91 /* TennisPresenter.swift */ = {isa = PBXFileReference; lastKnownFileType = sourcecode.swift; path = TennisPresenter.swift; sourceTree = "<group>"; };
/* End PBXFileReference section */

/* Begin PBXFrameworksBuildPhase section */
		A2E702D623D602BB0027BF91 /* Frameworks */ = {
			isa = PBXFrameworksBuildPhase;
			buildActionMask = 2147483647;
			files = (
			);
			runOnlyForDeploymentPostprocessing = 0;
		};
		A2E7031B23D60CBF0027BF91 /* Frameworks */ = {
			isa = PBXFrameworksBuildPhase;
			buildActionMask = 2147483647;
			files = (
			);
			runOnlyForDeploymentPostprocessing = 0;
		};
/* End PBXFrameworksBuildPhase section */

/* Begin PBXGroup section */
		A2E702D023D602BB0027BF91 = {
			isa = PBXGroup;
			children = (
				A2E7031823D60AA70027BF91 /* README.md */,
				A2E702DB23D602BB0027BF91 /* Tennis */,
				A2E7031F23D60CBF0027BF91 /* TennisTests */,
				A2E702DA23D602BB0027BF91 /* Products */,
			);
			sourceTree = "<group>";
		};
		A2E702DA23D602BB0027BF91 /* Products */ = {
			isa = PBXGroup;
			children = (
				A2E702D923D602BB0027BF91 /* Tennis.app */,
				A2E7031E23D60CBF0027BF91 /* TennisTests.xctest */,
			);
			name = Products;
			sourceTree = "<group>";
		};
		A2E702DB23D602BB0027BF91 /* Tennis */ = {
			isa = PBXGroup;
			children = (
				A2E702DC23D602BB0027BF91 /* AppDelegate.swift */,
				A2E7033323D6C6960027BF91 /* Presenter */,
				A2E7032823D617460027BF91 /* Model */,
				A2E702E023D602BB0027BF91 /* Main.storyboard */,
				A2E702E323D602BF0027BF91 /* Assets.xcassets */,
				A2E702E523D602BF0027BF91 /* LaunchScreen.storyboard */,
				A2E702E823D602BF0027BF91 /* Info.plist */,
			);
			path = Tennis;
			sourceTree = "<group>";
		};
		A2E7031F23D60CBF0027BF91 /* TennisTests */ = {
			isa = PBXGroup;
			children = (
				A2E7032023D60CBF0027BF91 /* TennisTests.swift */,
				A2E7032D23D61CAE0027BF91 /* PlayerTests.swift */,
				A2E7032223D60CBF0027BF91 /* Info.plist */,
				A2E7033123D6BB460027BF91 /* TennisPresenterTests.swift */,
			);
			path = TennisTests;
			sourceTree = "<group>";
		};
		A2E7032823D617460027BF91 /* Model */ = {
			isa = PBXGroup;
			children = (
				A2E7032923D617670027BF91 /* Tennis.swift */,
				A2E7032B23D61BE30027BF91 /* Player.swift */,
				A2E7032F23D63D300027BF91 /* TennisRules.swift */,
			);
			path = Model;
			sourceTree = "<group>";
		};
		A2E7033323D6C6960027BF91 /* Presenter */ = {
			isa = PBXGroup;
			children = (
				A2E7033423D6C6BB0027BF91 /* TennisPresenter.swift */,
			);
			path = Presenter;
			sourceTree = "<group>";
		};
/* End PBXGroup section */

/* Begin PBXNativeTarget section */
		A2E702D823D602BB0027BF91 /* Tennis */ = {
			isa = PBXNativeTarget;
			buildConfigurationList = A2E7030123D602BF0027BF91 /* Build configuration list for PBXNativeTarget "Tennis" */;
			buildPhases = (
				A2E702D523D602BB0027BF91 /* Sources */,
				A2E702D623D602BB0027BF91 /* Frameworks */,
				A2E702D723D602BB0027BF91 /* Resources */,
			);
			buildRules = (
			);
			dependencies = (
			);
			name = Tennis;
			productName = Tennis;
			productReference = A2E702D923D602BB0027BF91 /* Tennis.app */;
			productType = "com.apple.product-type.application";
		};
		A2E7031D23D60CBF0027BF91 /* TennisTests */ = {
			isa = PBXNativeTarget;
			buildConfigurationList = A2E7032523D60CC00027BF91 /* Build configuration list for PBXNativeTarget "TennisTests" */;
			buildPhases = (
				A2E7031A23D60CBF0027BF91 /* Sources */,
				A2E7031B23D60CBF0027BF91 /* Frameworks */,
				A2E7031C23D60CBF0027BF91 /* Resources */,
			);
			buildRules = (
			);
			dependencies = (
				A2E7032423D60CBF0027BF91 /* PBXTargetDependency */,
			);
			name = TennisTests;
			productName = TennisTests;
			productReference = A2E7031E23D60CBF0027BF91 /* TennisTests.xctest */;
			productType = "com.apple.product-type.bundle.unit-test";
		};
/* End PBXNativeTarget section */

/* Begin PBXProject section */
		A2E702D123D602BB0027BF91 /* Project object */ = {
			isa = PBXProject;
			attributes = {
				LastSwiftUpdateCheck = 1010;
				LastUpgradeCheck = 1010;
				ORGANIZATIONNAME = 2020.dev.015;
				TargetAttributes = {
					A2E702D823D602BB0027BF91 = {
						CreatedOnToolsVersion = 10.1;
					};
					A2E7031D23D60CBF0027BF91 = {
						CreatedOnToolsVersion = 10.1;
						TestTargetID = A2E702D823D602BB0027BF91;
					};
				};
			};
			buildConfigurationList = A2E702D423D602BB0027BF91 /* Build configuration list for PBXProject "Tennis" */;
			compatibilityVersion = "Xcode 9.3";
			developmentRegion = en;
			hasScannedForEncodings = 0;
			knownRegions = (
				en,
				Base,
			);
			mainGroup = A2E702D023D602BB0027BF91;
			productRefGroup = A2E702DA23D602BB0027BF91 /* Products */;
			projectDirPath = "";
			projectRoot = "";
			targets = (
				A2E702D823D602BB0027BF91 /* Tennis */,
				A2E7031D23D60CBF0027BF91 /* TennisTests */,
			);
		};
/* End PBXProject section */

/* Begin PBXResourcesBuildPhase section */
		A2E702D723D602BB0027BF91 /* Resources */ = {
			isa = PBXResourcesBuildPhase;
			buildActionMask = 2147483647;
			files = (
				A2E702E723D602BF0027BF91 /* LaunchScreen.storyboard in Resources */,
				A2E702E423D602BF0027BF91 /* Assets.xcassets in Resources */,
				A2E7031923D60AA70027BF91 /* README.md in Resources */,
				A2E702E223D602BB0027BF91 /* Main.storyboard in Resources */,
			);
			runOnlyForDeploymentPostprocessing = 0;
		};
		A2E7031C23D60CBF0027BF91 /* Resources */ = {
			isa = PBXResourcesBuildPhase;
			buildActionMask = 2147483647;
			files = (
			);
			runOnlyForDeploymentPostprocessing = 0;
		};
/* End PBXResourcesBuildPhase section */

/* Begin PBXSourcesBuildPhase section */
		A2E702D523D602BB0027BF91 /* Sources */ = {
			isa = PBXSourcesBuildPhase;
			buildActionMask = 2147483647;
			files = (
				A2E7033023D63D300027BF91 /* TennisRules.swift in Sources */,
				A2E7032A23D617670027BF91 /* Tennis.swift in Sources */,
				A2E7032C23D61BE30027BF91 /* Player.swift in Sources */,
				A2E702DD23D602BB0027BF91 /* AppDelegate.swift in Sources */,
				A2E7033523D6C6BB0027BF91 /* TennisPresenter.swift in Sources */,
			);
			runOnlyForDeploymentPostprocessing = 0;
		};
		A2E7031A23D60CBF0027BF91 /* Sources */ = {
			isa = PBXSourcesBuildPhase;
			buildActionMask = 2147483647;
			files = (
				A2E7032E23D61CAE0027BF91 /* PlayerTests.swift in Sources */,
				A2E7033223D6BB460027BF91 /* TennisPresenterTests.swift in Sources */,
				A2E7032123D60CBF0027BF91 /* TennisTests.swift in Sources */,
			);
			runOnlyForDeploymentPostprocessing = 0;
		};
/* End PBXSourcesBuildPhase section */

/* Begin PBXTargetDependency section */
		A2E7032423D60CBF0027BF91 /* PBXTargetDependency */ = {
			isa = PBXTargetDependency;
			target = A2E702D823D602BB0027BF91 /* Tennis */;
			targetProxy = A2E7032323D60CBF0027BF91 /* PBXContainerItemProxy */;
		};
/* End PBXTargetDependency section */

/* Begin PBXVariantGroup section */
		A2E702E023D602BB0027BF91 /* Main.storyboard */ = {
			isa = PBXVariantGroup;
			children = (
				A2E702E123D602BB0027BF91 /* Base */,
			);
			name = Main.storyboard;
			sourceTree = "<group>";
		};
		A2E702E523D602BF0027BF91 /* LaunchScreen.storyboard */ = {
			isa = PBXVariantGroup;
			children = (
				A2E702E623D602BF0027BF91 /* Base */,
			);
			name = LaunchScreen.storyboard;
			sourceTree = "<group>";
		};
/* End PBXVariantGroup section */

/* Begin XCBuildConfiguration section */
		A2E702FF23D602BF0027BF91 /* Debug */ = {
			isa = XCBuildConfiguration;
			buildSettings = {
				ALWAYS_SEARCH_USER_PATHS = NO;
				CLANG_ANALYZER_NONNULL = YES;
				CLANG_ANALYZER_NUMBER_OBJECT_CONVERSION = YES_AGGRESSIVE;
				CLANG_CXX_LANGUAGE_STANDARD = "gnu++14";
				CLANG_CXX_LIBRARY = "libc++";
				CLANG_ENABLE_MODULES = YES;
				CLANG_ENABLE_OBJC_ARC = YES;
				CLANG_ENABLE_OBJC_WEAK = YES;
				CLANG_WARN_BLOCK_CAPTURE_AUTORELEASING = YES;
				CLANG_WARN_BOOL_CONVERSION = YES;
				CLANG_WARN_COMMA = YES;
				CLANG_WARN_CONSTANT_CONVERSION = YES;
				CLANG_WARN_DEPRECATED_OBJC_IMPLEMENTATIONS = YES;
				CLANG_WARN_DIRECT_OBJC_ISA_USAGE = YES_ERROR;
				CLANG_WARN_DOCUMENTATION_COMMENTS = YES;
				CLANG_WARN_EMPTY_BODY = YES;
				CLANG_WARN_ENUM_CONVERSION = YES;
				CLANG_WARN_INFINITE_RECURSION = YES;
				CLANG_WARN_INT_CONVERSION = YES;
				CLANG_WARN_NON_LITERAL_NULL_CONVERSION = YES;
				CLANG_WARN_OBJC_IMPLICIT_RETAIN_SELF = YES;
				CLANG_WARN_OBJC_LITERAL_CONVERSION = YES;
				CLANG_WARN_OBJC_ROOT_CLASS = YES_ERROR;
				CLANG_WARN_RANGE_LOOP_ANALYSIS = YES;
				CLANG_WARN_STRICT_PROTOTYPES = YES;
				CLANG_WARN_SUSPICIOUS_MOVE = YES;
				CLANG_WARN_UNGUARDED_AVAILABILITY = YES_AGGRESSIVE;
				CLANG_WARN_UNREACHABLE_CODE = YES;
				CLANG_WARN__DUPLICATE_METHOD_MATCH = YES;
				CODE_SIGN_IDENTITY = "iPhone Developer";
				COPY_PHASE_STRIP = NO;
				DEBUG_INFORMATION_FORMAT = dwarf;
				ENABLE_STRICT_OBJC_MSGSEND = YES;
				ENABLE_TESTABILITY = YES;
				GCC_C_LANGUAGE_STANDARD = gnu11;
				GCC_DYNAMIC_NO_PIC = NO;
				GCC_NO_COMMON_BLOCKS = YES;
				GCC_OPTIMIZATION_LEVEL = 0;
				GCC_PREPROCESSOR_DEFINITIONS = (
					"DEBUG=1",
					"$(inherited)",
				);
				GCC_WARN_64_TO_32_BIT_CONVERSION = YES;
				GCC_WARN_ABOUT_RETURN_TYPE = YES_ERROR;
				GCC_WARN_UNDECLARED_SELECTOR = YES;
				GCC_WARN_UNINITIALIZED_AUTOS = YES_AGGRESSIVE;
				GCC_WARN_UNUSED_FUNCTION = YES;
				GCC_WARN_UNUSED_VARIABLE = YES;
				IPHONEOS_DEPLOYMENT_TARGET = 12.0;
				MTL_ENABLE_DEBUG_INFO = INCLUDE_SOURCE;
				MTL_FAST_MATH = YES;
				ONLY_ACTIVE_ARCH = YES;
				SDKROOT = iphoneos;
				SWIFT_ACTIVE_COMPILATION_CONDITIONS = DEBUG;
				SWIFT_OPTIMIZATION_LEVEL = "-Onone";
			};
			name = Debug;
		};
		A2E7030023D602BF0027BF91 /* Release */ = {
			isa = XCBuildConfiguration;
			buildSettings = {
				ALWAYS_SEARCH_USER_PATHS = NO;
				CLANG_ANALYZER_NONNULL = YES;
				CLANG_ANALYZER_NUMBER_OBJECT_CONVERSION = YES_AGGRESSIVE;
				CLANG_CXX_LANGUAGE_STANDARD = "gnu++14";
				CLANG_CXX_LIBRARY = "libc++";
				CLANG_ENABLE_MODULES = YES;
				CLANG_ENABLE_OBJC_ARC = YES;
				CLANG_ENABLE_OBJC_WEAK = YES;
				CLANG_WARN_BLOCK_CAPTURE_AUTORELEASING = YES;
				CLANG_WARN_BOOL_CONVERSION = YES;
				CLANG_WARN_COMMA = YES;
				CLANG_WARN_CONSTANT_CONVERSION = YES;
				CLANG_WARN_DEPRECATED_OBJC_IMPLEMENTATIONS = YES;
				CLANG_WARN_DIRECT_OBJC_ISA_USAGE = YES_ERROR;
				CLANG_WARN_DOCUMENTATION_COMMENTS = YES;
				CLANG_WARN_EMPTY_BODY = YES;
				CLANG_WARN_ENUM_CONVERSION = YES;
				CLANG_WARN_INFINITE_RECURSION = YES;
				CLANG_WARN_INT_CONVERSION = YES;
				CLANG_WARN_NON_LITERAL_NULL_CONVERSION = YES;
				CLANG_WARN_OBJC_IMPLICIT_RETAIN_SELF = YES;
				CLANG_WARN_OBJC_LITERAL_CONVERSION = YES;
				CLANG_WARN_OBJC_ROOT_CLASS = YES_ERROR;
				CLANG_WARN_RANGE_LOOP_ANALYSIS = YES;
				CLANG_WARN_STRICT_PROTOTYPES = YES;
				CLANG_WARN_SUSPICIOUS_MOVE = YES;
				CLANG_WARN_UNGUARDED_AVAILABILITY = YES_AGGRESSIVE;
				CLANG_WARN_UNREACHABLE_CODE = YES;
				CLANG_WARN__DUPLICATE_METHOD_MATCH = YES;
				CODE_SIGN_IDENTITY = "iPhone Developer";
				COPY_PHASE_STRIP = NO;
				DEBUG_INFORMATION_FORMAT = "dwarf-with-dsym";
				ENABLE_NS_ASSERTIONS = NO;
				ENABLE_STRICT_OBJC_MSGSEND = YES;
				GCC_C_LANGUAGE_STANDARD = gnu11;
				GCC_NO_COMMON_BLOCKS = YES;
				GCC_WARN_64_TO_32_BIT_CONVERSION = YES;
				GCC_WARN_ABOUT_RETURN_TYPE = YES_ERROR;
				GCC_WARN_UNDECLARED_SELECTOR = YES;
				GCC_WARN_UNINITIALIZED_AUTOS = YES_AGGRESSIVE;
				GCC_WARN_UNUSED_FUNCTION = YES;
				GCC_WARN_UNUSED_VARIABLE = YES;
				IPHONEOS_DEPLOYMENT_TARGET = 12.0;
				MTL_ENABLE_DEBUG_INFO = NO;
				MTL_FAST_MATH = YES;
				SDKROOT = iphoneos;
				SWIFT_COMPILATION_MODE = wholemodule;
				SWIFT_OPTIMIZATION_LEVEL = "-O";
				VALIDATE_PRODUCT = YES;
			};
			name = Release;
		};
		A2E7030223D602BF0027BF91 /* Debug */ = {
			isa = XCBuildConfiguration;
			buildSettings = {
				ASSETCATALOG_COMPILER_APPICON_NAME = AppIcon;
				CODE_SIGN_STYLE = Manual;
				DEVELOPMENT_TEAM = "";
				INFOPLIST_FILE = Tennis/Info.plist;
				LD_RUNPATH_SEARCH_PATHS = (
					"$(inherited)",
					"@executable_path/Frameworks",
				);
				PRODUCT_BUNDLE_IDENTIFIER = com.2020.dev.015.Tennis;
				PRODUCT_NAME = "$(TARGET_NAME)";
				PROVISIONING_PROFILE_SPECIFIER = "";
				SWIFT_VERSION = 4.2;
				TARGETED_DEVICE_FAMILY = "1,2";
			};
			name = Debug;
		};
		A2E7030323D602BF0027BF91 /* Release */ = {
			isa = XCBuildConfiguration;
			buildSettings = {
				ASSETCATALOG_COMPILER_APPICON_NAME = AppIcon;
				CODE_SIGN_STYLE = Manual;
				DEVELOPMENT_TEAM = "";
				INFOPLIST_FILE = Tennis/Info.plist;
				LD_RUNPATH_SEARCH_PATHS = (
					"$(inherited)",
					"@executable_path/Frameworks",
				);
				PRODUCT_BUNDLE_IDENTIFIER = com.2020.dev.015.Tennis;
				PRODUCT_NAME = "$(TARGET_NAME)";
				PROVISIONING_PROFILE_SPECIFIER = "";
				SWIFT_VERSION = 4.2;
				TARGETED_DEVICE_FAMILY = "1,2";
			};
			name = Release;
		};
		A2E7032623D60CC00027BF91 /* Debug */ = {
			isa = XCBuildConfiguration;
			buildSettings = {
				BUNDLE_LOADER = "$(TEST_HOST)";
				CODE_SIGN_STYLE = Automatic;
				INFOPLIST_FILE = TennisTests/Info.plist;
				IPHONEOS_DEPLOYMENT_TARGET = 12.1;
				LD_RUNPATH_SEARCH_PATHS = (
					"$(inherited)",
					"@executable_path/Frameworks",
					"@loader_path/Frameworks",
				);
				PRODUCT_BUNDLE_IDENTIFIER = com.2020.dev.015.TennisTests;
				PRODUCT_NAME = "$(TARGET_NAME)";
				SWIFT_VERSION = 4.2;
				TARGETED_DEVICE_FAMILY = "1,2";
				TEST_HOST = "$(BUILT_PRODUCTS_DIR)/Tennis.app/Tennis";
			};
			name = Debug;
		};
		A2E7032723D60CC00027BF91 /* Release */ = {
			isa = XCBuildConfiguration;
			buildSettings = {
				BUNDLE_LOADER = "$(TEST_HOST)";
				CODE_SIGN_STYLE = Automatic;
				INFOPLIST_FILE = TennisTests/Info.plist;
				IPHONEOS_DEPLOYMENT_TARGET = 12.1;
				LD_RUNPATH_SEARCH_PATHS = (
					"$(inherited)",
					"@executable_path/Frameworks",
					"@loader_path/Frameworks",
				);
				PRODUCT_BUNDLE_IDENTIFIER = com.2020.dev.015.TennisTests;
				PRODUCT_NAME = "$(TARGET_NAME)";
				SWIFT_VERSION = 4.2;
				TARGETED_DEVICE_FAMILY = "1,2";
				TEST_HOST = "$(BUILT_PRODUCTS_DIR)/Tennis.app/Tennis";
			};
			name = Release;
		};
/* End XCBuildConfiguration section */

/* Begin XCConfigurationList section */
		A2E702D423D602BB0027BF91 /* Build configuration list for PBXProject "Tennis" */ = {
			isa = XCConfigurationList;
			buildConfigurations = (
				A2E702FF23D602BF0027BF91 /* Debug */,
				A2E7030023D602BF0027BF91 /* Release */,
			);
			defaultConfigurationIsVisible = 0;
			defaultConfigurationName = Release;
		};
		A2E7030123D602BF0027BF91 /* Build configuration list for PBXNativeTarget "Tennis" */ = {
			isa = XCConfigurationList;
			buildConfigurations = (
				A2E7030223D602BF0027BF91 /* Debug */,
				A2E7030323D602BF0027BF91 /* Release */,
			);
			defaultConfigurationIsVisible = 0;
			defaultConfigurationName = Release;
		};
		A2E7032523D60CC00027BF91 /* Build configuration list for PBXNativeTarget "TennisTests" */ = {
			isa = XCConfigurationList;
			buildConfigurations = (
				A2E7032623D60CC00027BF91 /* Debug */,
				A2E7032723D60CC00027BF91 /* Release */,
			);
			defaultConfigurationIsVisible = 0;
			defaultConfigurationName = Release;
		};
/* End XCConfigurationList section */
	};
	rootObject = A2E702D123D602BB0027BF91 /* Project object */;
}
